
Microsoft Visual Studio Solution File, Format Version 12.00
# Visual Studio 14
VisualStudioVersion = 14.0.23107.0
MinimumVisualStudioVersion = 10.0.40219.1
Project("{FAE04EC0-301F-11D3-BF4B-00C04F79EFBC}") = "DemiEditor", "Core\DemiEditor\DemiEditor.csproj", "{3B8F6061-77A9-4111-9E7C-A9EA494D14A0}"
EndProject
Project("{FAE04EC0-301F-11D3-BF4B-00C04F79EFBC}") = "DemiLib", "Core\DemiLib\DemiLib.csproj", "{C492E28D-FC6D-4988-929B-964DB4272A30}"
EndProject
Project("{FAE04EC0-301F-11D3-BF4B-00C04F79EFBC}") = "Debugging", "Debugging\Debugging.csproj", "{0B529A90-0B97-4840-BEB6-4A6700B46655}"
EndProject
Project("{2150E333-8FDC-42A3-9474-1A3956D46DE8}") = "Core", "Core", "{B2F1B2E5-94A2-438E-AF7B-ECA25C6CCF7F}"
EndProject
Project("{2150E333-8FDC-42A3-9474-1A3956D46DE8}") = "Unity46", "Unity46", "{F7E0047D-567B-4DE2-B3D1-61F20DC8E350}"
EndProject
Project("{FAE04EC0-301F-11D3-BF4B-00C04F79EFBC}") = "DeAudio", "DeAudio\DeAudio.csproj", "{4B0B8B50-781D-4AE8-B6B2-3553E369E5EF}"
EndProject
Project("{FAE04EC0-301F-11D3-BF4B-00C04F79EFBC}") = "DeAudioEditor", "DeAudioEditor\DeAudioEditor.csproj", "{A82CA11D-DBDF-420C-9EA5-4682D7D33DDB}"
EndProject
Project("{FAE04EC0-301F-11D3-BF4B-00C04F79EFBC}") = "DeUtils", "DeUtils\DeUtils.csproj", "{12702A57-BC07-4785-86E1-BE436E661FF7}"
EndProject
Global
	GlobalSection(SolutionConfigurationPlatforms) = preSolution
		Debug|Any CPU = Debug|Any CPU
		Release|Any CPU = Release|Any CPU
	EndGlobalSection
	GlobalSection(ProjectConfigurationPlatforms) = postSolution
		{3B8F6061-77A9-4111-9E7C-A9EA494D14A0}.Debug|Any CPU.ActiveCfg = Debug|Any CPU
		{3B8F6061-77A9-4111-9E7C-A9EA494D14A0}.Debug|Any CPU.Build.0 = Debug|Any CPU
		{3B8F6061-77A9-4111-9E7C-A9EA494D14A0}.Release|Any CPU.ActiveCfg = Release|Any CPU
		{3B8F6061-77A9-4111-9E7C-A9EA494D14A0}.Release|Any CPU.Build.0 = Release|Any CPU
		{C492E28D-FC6D-4988-929B-964DB4272A30}.Debug|Any CPU.ActiveCfg = Debug|Any CPU
		{C492E28D-FC6D-4988-929B-964DB4272A30}.Debug|Any CPU.Build.0 = Debug|Any CPU
		{C492E28D-FC6D-4988-929B-964DB4272A30}.Release|Any CPU.ActiveCfg = Release|Any CPU
		{C492E28D-FC6D-4988-929B-964DB4272A30}.Release|Any CPU.Build.0 = Release|Any CPU
		{0B529A90-0B97-4840-BEB6-4A6700B46655}.Debug|Any CPU.ActiveCfg = Debug|Any CPU
		{0B529A90-0B97-4840-BEB6-4A6700B46655}.Debug|Any CPU.Build.0 = Debug|Any CPU
		{0B529A90-0B97-4840-BEB6-4A6700B46655}.Release|Any CPU.ActiveCfg = Release|Any CPU
		{0B529A90-0B97-4840-BEB6-4A6700B46655}.Release|Any CPU.Build.0 = Release|Any CPU
		{4B0B8B50-781D-4AE8-B6B2-3553E369E5EF}.Debug|Any CPU.ActiveCfg = Debug|Any CPU
		{4B0B8B50-781D-4AE8-B6B2-3553E369E5EF}.Debug|Any CPU.Build.0 = Debug|Any CPU
		{4B0B8B50-781D-4AE8-B6B2-3553E369E5EF}.Release|Any CPU.ActiveCfg = Release|Any CPU
		{4B0B8B50-781D-4AE8-B6B2-3553E369E5EF}.Release|Any CPU.Build.0 = Release|Any CPU
		{A82CA11D-DBDF-420C-9EA5-4682D7D33DDB}.Debug|Any CPU.ActiveCfg = Debug|Any CPU
		{A82CA11D-DBDF-420C-9EA5-4682D7D33DDB}.Debug|Any CPU.Build.0 = Debug|Any CPU
		{A82CA11D-DBDF-420C-9EA5-4682D7D33DDB}.Release|Any CPU.ActiveCfg = Release|Any CPU
		{A82CA11D-DBDF-420C-9EA5-4682D7D33DDB}.Release|Any CPU.Build.0 = Release|Any CPU
		{12702A57-BC07-4785-86E1-BE436E661FF7}.Debug|Any CPU.ActiveCfg = Debug|Any CPU
		{12702A57-BC07-4785-86E1-BE436E661FF7}.Debug|Any CPU.Build.0 = Debug|Any CPU
		{12702A57-BC07-4785-86E1-BE436E661FF7}.Release|Any CPU.ActiveCfg = Release|Any CPU
		{12702A57-BC07-4785-86E1-BE436E661FF7}.Release|Any CPU.Build.0 = Release|Any CPU
	EndGlobalSection
	GlobalSection(SolutionProperties) = preSolution
		HideSolutionNode = FALSE
	EndGlobalSection
	GlobalSection(NestedProjects) = preSolution
		{3B8F6061-77A9-4111-9E7C-A9EA494D14A0} = {B2F1B2E5-94A2-438E-AF7B-ECA25C6CCF7F}
		{C492E28D-FC6D-4988-929B-964DB4272A30} = {B2F1B2E5-94A2-438E-AF7B-ECA25C6CCF7F}
		{0B529A90-0B97-4840-BEB6-4A6700B46655} = {F7E0047D-567B-4DE2-B3D1-61F20DC8E350}
	EndGlobalSection
EndGlobal
